
Microsoft Visual Studio Solution File, Format Version 12.00
# Visual Studio Version 17
VisualStudioVersion = 17.11.35312.102
MinimumVisualStudioVersion = 10.0.40219.1
Project("{8BC9CEB8-8B4A-11D0-8D11-00A0C91BC942}") = "6.36", "6.36\6.36.vcxproj", "{60A575E3-6293-48E6-946C-BC8AE03E9C8F}"
EndProject
Global
	GlobalSection(SolutionConfigurationPlatforms) = preSolution
		Debug|x64 = Debug|x64
		Debug|x86 = Debug|x86
		Release|x64 = Release|x64
		Release|x86 = Release|x86
	EndGlobalSection
	GlobalSection(ProjectConfigurationPlatforms) = postSolution
		{60A575E3-6293-48E6-946C-BC8AE03E9C8F}.Debug|x64.ActiveCfg = Debug|x64
		{60A575E3-6293-48E6-946C-BC8AE03E9C8F}.Debug|x64.Build.0 = Debug|x64
		{60A575E3-6293-48E6-946C-BC8AE03E9C8F}.Debug|x86.ActiveCfg = Debug|Win32
		{60A575E3-6293-48E6-946C-BC8AE03E9C8F}.Debug|x86.Build.0 = Debug|Win32
		{60A575E3-6293-48E6-946C-BC8AE03E9C8F}.Release|x64.ActiveCfg = Release|x64
		{60A575E3-6293-48E6-946C-BC8AE03E9C8F}.Release|x64.Build.0 = Release|x64
		{60A575E3-6293-48E6-946C-BC8AE03E9C8F}.Release|x86.ActiveCfg = Release|Win32
		{60A575E3-6293-48E6-946C-BC8AE03E9C8F}.Release|x86.Build.0 = Release|Win32
	EndGlobalSection
	GlobalSection(SolutionProperties) = preSolution
		HideSolutionNode = FALSE
	EndGlobalSection
	GlobalSection(ExtensibilityGlobals) = postSolution
		SolutionGuid = {7432792B-D3BA-4E10-A29D-3B060B39BC80}
	EndGlobalSection
EndGlobal
